
Microsoft Visual Studio Solution File, Format Version 12.00
# Visual Studio Version 16
VisualStudioVersion = 16.0.29613.14
MinimumVisualStudioVersion = 10.0.40219.1
Project("{FAE04EC0-301F-11D3-BF4B-00C04F79EFBC}") = "Cards", "Cards\Cards.csproj", "{0BC27512-D8AE-40DF-8503-A1EBA2064B2A}"
EndProject
Global
	GlobalSection(SolutionConfigurationPlatforms) = preSolution
		Debug|Any CPU = Debug|Any CPU
		Release|Any CPU = Release|Any CPU
	EndGlobalSection
	GlobalSection(ProjectConfigurationPlatforms) = postSolution
		{0BC27512-D8AE-40DF-8503-A1EBA2064B2A}.Debug|Any CPU.ActiveCfg = Debug|Any CPU
		{0BC27512-D8AE-40DF-8503-A1EBA2064B2A}.Debug|Any CPU.Build.0 = Debug|Any CPU
		{0BC27512-D8AE-40DF-8503-A1EBA2064B2A}.Release|Any CPU.ActiveCfg = Release|Any CPU
		{0BC27512-D8AE-40DF-8503-A1EBA2064B2A}.Release|Any CPU.Build.0 = Release|Any CPU
	EndGlobalSection
	GlobalSection(SolutionProperties) = preSolution
		HideSolutionNode = FALSE
	EndGlobalSection
	GlobalSection(ExtensibilityGlobals) = postSolution
		SolutionGuid = {3E3315C2-FA33-48F5-A1B6-B9189AE6EE69}
	EndGlobalSection
EndGlobal
